// !$*UTF8*$!
{
	archiveVersion = 1;
	classes = {
	};
	objectVersion = 50;
	objects = {

/* Begin PBXBuildFile section */
		19563EEB22616ADA00AB0EE2 /* AppDelegate.swift in Sources */ = {isa = PBXBuildFile; fileRef = 19563EEA22616ADA00AB0EE2 /* AppDelegate.swift */; };
		19563EF022616ADA00AB0EE2 /* Main.storyboard in Resources */ = {isa = PBXBuildFile; fileRef = 19563EEE22616ADA00AB0EE2 /* Main.storyboard */; };
		19563EF322616ADA00AB0EE2 /* CalculatorConversion.xcdatamodeld in Sources */ = {isa = PBXBuildFile; fileRef = 19563EF122616ADA00AB0EE2 /* CalculatorConversion.xcdatamodeld */; };
		19563EF522616ADB00AB0EE2 /* Assets.xcassets in Resources */ = {isa = PBXBuildFile; fileRef = 19563EF422616ADB00AB0EE2 /* Assets.xcassets */; };
		19563EF822616ADB00AB0EE2 /* LaunchScreen.storyboard in Resources */ = {isa = PBXBuildFile; fileRef = 19563EF622616ADB00AB0EE2 /* LaunchScreen.storyboard */; };
		19563F0322616ADB00AB0EE2 /* CalculatorConversionUITests.swift in Sources */ = {isa = PBXBuildFile; fileRef = 19563F0222616ADB00AB0EE2 /* CalculatorConversionUITests.swift */; };
		19563F10226175D400AB0EE2 /* ConverterViewController.swift in Sources */ = {isa = PBXBuildFile; fileRef = 19563F0F226175D400AB0EE2 /* ConverterViewController.swift */; };
		19563F16226183A600AB0EE2 /* Converter.swift in Sources */ = {isa = PBXBuildFile; fileRef = 19563F15226183A600AB0EE2 /* Converter.swift */; };
/* End PBXBuildFile section */

/* Begin PBXContainerItemProxy section */
		19563EFF22616ADB00AB0EE2 /* PBXContainerItemProxy */ = {
			isa = PBXContainerItemProxy;
			containerPortal = 19563EDF22616ADA00AB0EE2 /* Project object */;
			proxyType = 1;
			remoteGlobalIDString = 19563EE622616ADA00AB0EE2;
			remoteInfo = CalculatorConversion;
		};
/* End PBXContainerItemProxy section */

/* Begin PBXFileReference section */
		19563EE722616ADA00AB0EE2 /* CalculatorConversion.app */ = {isa = PBXFileReference; explicitFileType = wrapper.application; includeInIndex = 0; path = CalculatorConversion.app; sourceTree = BUILT_PRODUCTS_DIR; };
		19563EEA22616ADA00AB0EE2 /* AppDelegate.swift */ = {isa = PBXFileReference; lastKnownFileType = sourcecode.swift; path = AppDelegate.swift; sourceTree = "<group>"; };
		19563EEF22616ADA00AB0EE2 /* Base */ = {isa = PBXFileReference; lastKnownFileType = file.storyboard; name = Base; path = Base.lproj/Main.storyboard; sourceTree = "<group>"; };
		19563EF222616ADA00AB0EE2 /* CalculatorConversion.xcdatamodel */ = {isa = PBXFileReference; lastKnownFileType = wrapper.xcdatamodel; path = CalculatorConversion.xcdatamodel; sourceTree = "<group>"; };
		19563EF422616ADB00AB0EE2 /* Assets.xcassets */ = {isa = PBXFileReference; lastKnownFileType = folder.assetcatalog; path = Assets.xcassets; sourceTree = "<group>"; };
		19563EF722616ADB00AB0EE2 /* Base */ = {isa = PBXFileReference; lastKnownFileType = file.storyboard; name = Base; path = Base.lproj/LaunchScreen.storyboard; sourceTree = "<group>"; };
		19563EF922616ADB00AB0EE2 /* Info.plist */ = {isa = PBXFileReference; lastKnownFileType = text.plist.xml; path = Info.plist; sourceTree = "<group>"; };
		19563EFE22616ADB00AB0EE2 /* CalculatorConversionUITests.xctest */ = {isa = PBXFileReference; explicitFileType = wrapper.cfbundle; includeInIndex = 0; path = CalculatorConversionUITests.xctest; sourceTree = BUILT_PRODUCTS_DIR; };
		19563F0222616ADB00AB0EE2 /* CalculatorConversionUITests.swift */ = {isa = PBXFileReference; lastKnownFileType = sourcecode.swift; path = CalculatorConversionUITests.swift; sourceTree = "<group>"; };
		19563F0422616ADB00AB0EE2 /* Info.plist */ = {isa = PBXFileReference; lastKnownFileType = text.plist.xml; path = Info.plist; sourceTree = "<group>"; };
		19563F0F226175D400AB0EE2 /* ConverterViewController.swift */ = {isa = PBXFileReference; lastKnownFileType = sourcecode.swift; path = ConverterViewController.swift; sourceTree = "<group>"; };
		19563F15226183A600AB0EE2 /* Converter.swift */ = {isa = PBXFileReference; lastKnownFileType = sourcecode.swift; path = Converter.swift; sourceTree = "<group>"; };
/* End PBXFileReference section */

/* Begin PBXFrameworksBuildPhase section */
		19563EE422616ADA00AB0EE2 /* Frameworks */ = {
			isa = PBXFrameworksBuildPhase;
			buildActionMask = 2147483647;
			files = (
			);
			runOnlyForDeploymentPostprocessing = 0;
		};
		19563EFB22616ADB00AB0EE2 /* Frameworks */ = {
			isa = PBXFrameworksBuildPhase;
			buildActionMask = 2147483647;
			files = (
			);
			runOnlyForDeploymentPostprocessing = 0;
		};
/* End PBXFrameworksBuildPhase section */

/* Begin PBXGroup section */
		19563EDE22616ADA00AB0EE2 = {
			isa = PBXGroup;
			children = (
				19563EE922616ADA00AB0EE2 /* CalculatorConversion */,
				19563F0122616ADB00AB0EE2 /* CalculatorConversionUITests */,
				19563EE822616ADA00AB0EE2 /* Products */,
			);
			sourceTree = "<group>";
		};
		19563EE822616ADA00AB0EE2 /* Products */ = {
			isa = PBXGroup;
			children = (
				19563EE722616ADA00AB0EE2 /* CalculatorConversion.app */,
				19563EFE22616ADB00AB0EE2 /* CalculatorConversionUITests.xctest */,
			);
			name = Products;
			sourceTree = "<group>";
		};
		19563EE922616ADA00AB0EE2 /* CalculatorConversion */ = {
			isa = PBXGroup;
			children = (
				19563EEA22616ADA00AB0EE2 /* AppDelegate.swift */,
				19563EEE22616ADA00AB0EE2 /* Main.storyboard */,
				19563EF422616ADB00AB0EE2 /* Assets.xcassets */,
				19563EF622616ADB00AB0EE2 /* LaunchScreen.storyboard */,
				19563EF922616ADB00AB0EE2 /* Info.plist */,
				19563EF122616ADA00AB0EE2 /* CalculatorConversion.xcdatamodeld */,
				19563F0F226175D400AB0EE2 /* ConverterViewController.swift */,
				19563F15226183A600AB0EE2 /* Converter.swift */,
			);
			path = CalculatorConversion;
			sourceTree = "<group>";
		};
		19563F0122616ADB00AB0EE2 /* CalculatorConversionUITests */ = {
			isa = PBXGroup;
			children = (
				19563F0222616ADB00AB0EE2 /* CalculatorConversionUITests.swift */,
				19563F0422616ADB00AB0EE2 /* Info.plist */,
			);
			path = CalculatorConversionUITests;
			sourceTree = "<group>";
		};
/* End PBXGroup section */

/* Begin PBXNativeTarget section */
		19563EE622616ADA00AB0EE2 /* CalculatorConversion */ = {
			isa = PBXNativeTarget;
			buildConfigurationList = 19563F0722616ADB00AB0EE2 /* Build configuration list for PBXNativeTarget "CalculatorConversion" */;
			buildPhases = (
				19563EE322616ADA00AB0EE2 /* Sources */,
				19563EE422616ADA00AB0EE2 /* Frameworks */,
				19563EE522616ADA00AB0EE2 /* Resources */,
			);
			buildRules = (
			);
			dependencies = (
			);
			name = CalculatorConversion;
			productName = CalculatorConversion;
			productReference = 19563EE722616ADA00AB0EE2 /* CalculatorConversion.app */;
			productType = "com.apple.product-type.application";
		};
		19563EFD22616ADB00AB0EE2 /* CalculatorConversionUITests */ = {
			isa = PBXNativeTarget;
			buildConfigurationList = 19563F0A22616ADB00AB0EE2 /* Build configuration list for PBXNativeTarget "CalculatorConversionUITests" */;
			buildPhases = (
				19563EFA22616ADB00AB0EE2 /* Sources */,
				19563EFB22616ADB00AB0EE2 /* Frameworks */,
				19563EFC22616ADB00AB0EE2 /* Resources */,
			);
			buildRules = (
			);
			dependencies = (
				19563F0022616ADB00AB0EE2 /* PBXTargetDependency */,
			);
			name = CalculatorConversionUITests;
			productName = CalculatorConversionUITests;
			productReference = 19563EFE22616ADB00AB0EE2 /* CalculatorConversionUITests.xctest */;
			productType = "com.apple.product-type.bundle.ui-testing";
		};
/* End PBXNativeTarget section */

/* Begin PBXProject section */
		19563EDF22616ADA00AB0EE2 /* Project object */ = {
			isa = PBXProject;
			attributes = {
				LastSwiftUpdateCheck = 1020;
				LastUpgradeCheck = 1020;
				ORGANIZATIONNAME = "Mitchell John Hoffmann";
				TargetAttributes = {
					19563EE622616ADA00AB0EE2 = {
						CreatedOnToolsVersion = 10.2;
					};
					19563EFD22616ADB00AB0EE2 = {
						CreatedOnToolsVersion = 10.2;
						TestTargetID = 19563EE622616ADA00AB0EE2;
					};
				};
			};
			buildConfigurationList = 19563EE222616ADA00AB0EE2 /* Build configuration list for PBXProject "CalculatorConversion" */;
			compatibilityVersion = "Xcode 9.3";
			developmentRegion = en;
			hasScannedForEncodings = 0;
			knownRegions = (
				en,
				Base,
			);
			mainGroup = 19563EDE22616ADA00AB0EE2;
			productRefGroup = 19563EE822616ADA00AB0EE2 /* Products */;
			projectDirPath = "";
			projectRoot = "";
			targets = (
				19563EE622616ADA00AB0EE2 /* CalculatorConversion */,
				19563EFD22616ADB00AB0EE2 /* CalculatorConversionUITests */,
			);
		};
/* End PBXProject section */

/* Begin PBXResourcesBuildPhase section */
		19563EE522616ADA00AB0EE2 /* Resources */ = {
			isa = PBXResourcesBuildPhase;
			buildActionMask = 2147483647;
			files = (
				19563EF822616ADB00AB0EE2 /* LaunchScreen.storyboard in Resources */,
				19563EF522616ADB00AB0EE2 /* Assets.xcassets in Resources */,
				19563EF022616ADA00AB0EE2 /* Main.storyboard in Resources */,
			);
			runOnlyForDeploymentPostprocessing = 0;
		};
		19563EFC22616ADB00AB0EE2 /* Resources */ = {
			isa = PBXResourcesBuildPhase;
			buildActionMask = 2147483647;
			files = (
			);
			runOnlyForDeploymentPostprocessing = 0;
		};
/* End PBXResourcesBuildPhase section */

/* Begin PBXSourcesBuildPhase section */
		19563EE322616ADA00AB0EE2 /* Sources */ = {
			isa = PBXSourcesBuildPhase;
			buildActionMask = 2147483647;
			files = (
				19563EF322616ADA00AB0EE2 /* CalculatorConversion.xcdatamodeld in Sources */,
				19563EEB22616ADA00AB0EE2 /* AppDelegate.swift in Sources */,
				19563F10226175D400AB0EE2 /* ConverterViewController.swift in Sources */,
				19563F16226183A600AB0EE2 /* Converter.swift in Sources */,
			);
			runOnlyForDeploymentPostprocessing = 0;
		};
		19563EFA22616ADB00AB0EE2 /* Sources */ = {
			isa = PBXSourcesBuildPhase;
			buildActionMask = 2147483647;
			files = (
				19563F0322616ADB00AB0EE2 /* CalculatorConversionUITests.swift in Sources */,
			);
			runOnlyForDeploymentPostprocessing = 0;
		};
/* End PBXSourcesBuildPhase section */

/* Begin PBXTargetDependency section */
		19563F0022616ADB00AB0EE2 /* PBXTargetDependency */ = {
			isa = PBXTargetDependency;
			target = 19563EE622616ADA00AB0EE2 /* CalculatorConversion */;
			targetProxy = 19563EFF22616ADB00AB0EE2 /* PBXContainerItemProxy */;
		};
/* End PBXTargetDependency section */

/* Begin PBXVariantGroup section */
		19563EEE22616ADA00AB0EE2 /* Main.storyboard */ = {
			isa = PBXVariantGroup;
			children = (
				19563EEF22616ADA00AB0EE2 /* Base */,
			);
			name = Main.storyboard;
			sourceTree = "<group>";
		};
		19563EF622616ADB00AB0EE2 /* LaunchScreen.storyboard */ = {
			isa = PBXVariantGroup;
			children = (
				19563EF722616ADB00AB0EE2 /* Base */,
			);
			name = LaunchScreen.storyboard;
			sourceTree = "<group>";
		};
/* End PBXVariantGroup section */

/* Begin XCBuildConfiguration section */
		19563F0522616ADB00AB0EE2 /* Debug */ = {
			isa = XCBuildConfiguration;
			buildSettings = {
				ALWAYS_SEARCH_USER_PATHS = NO;
				CLANG_ANALYZER_NONNULL = YES;
				CLANG_ANALYZER_NUMBER_OBJECT_CONVERSION = YES_AGGRESSIVE;
				CLANG_CXX_LANGUAGE_STANDARD = "gnu++14";
				CLANG_CXX_LIBRARY = "libc++";
				CLANG_ENABLE_MODULES = YES;
				CLANG_ENABLE_OBJC_ARC = YES;
				CLANG_ENABLE_OBJC_WEAK = YES;
				CLANG_WARN_BLOCK_CAPTURE_AUTORELEASING = YES;
				CLANG_WARN_BOOL_CONVERSION = YES;
				CLANG_WARN_COMMA = YES;
				CLANG_WARN_CONSTANT_CONVERSION = YES;
				CLANG_WARN_DEPRECATED_OBJC_IMPLEMENTATIONS = YES;
				CLANG_WARN_DIRECT_OBJC_ISA_USAGE = YES_ERROR;
				CLANG_WARN_DOCUMENTATION_COMMENTS = YES;
				CLANG_WARN_EMPTY_BODY = YES;
				CLANG_WARN_ENUM_CONVERSION = YES;
				CLANG_WARN_INFINITE_RECURSION = YES;
				CLANG_WARN_INT_CONVERSION = YES;
				CLANG_WARN_NON_LITERAL_NULL_CONVERSION = YES;
				CLANG_WARN_OBJC_IMPLICIT_RETAIN_SELF = YES;
				CLANG_WARN_OBJC_LITERAL_CONVERSION = YES;
				CLANG_WARN_OBJC_ROOT_CLASS = YES_ERROR;
				CLANG_WARN_RANGE_LOOP_ANALYSIS = YES;
				CLANG_WARN_STRICT_PROTOTYPES = YES;
				CLANG_WARN_SUSPICIOUS_MOVE = YES;
				CLANG_WARN_UNGUARDED_AVAILABILITY = YES_AGGRESSIVE;
				CLANG_WARN_UNREACHABLE_CODE = YES;
				CLANG_WARN__DUPLICATE_METHOD_MATCH = YES;
				CODE_SIGN_IDENTITY = "iPhone Developer";
				COPY_PHASE_STRIP = NO;
				DEBUG_INFORMATION_FORMAT = dwarf;
				ENABLE_STRICT_OBJC_MSGSEND = YES;
				ENABLE_TESTABILITY = YES;
				GCC_C_LANGUAGE_STANDARD = gnu11;
				GCC_DYNAMIC_NO_PIC = NO;
				GCC_NO_COMMON_BLOCKS = YES;
				GCC_OPTIMIZATION_LEVEL = 0;
				GCC_PREPROCESSOR_DEFINITIONS = (
					"DEBUG=1",
					"$(inherited)",
				);
				GCC_WARN_64_TO_32_BIT_CONVERSION = YES;
				GCC_WARN_ABOUT_RETURN_TYPE = YES_ERROR;
				GCC_WARN_UNDECLARED_SELECTOR = YES;
				GCC_WARN_UNINITIALIZED_AUTOS = YES_AGGRESSIVE;
				GCC_WARN_UNUSED_FUNCTION = YES;
				GCC_WARN_UNUSED_VARIABLE = YES;
				IPHONEOS_DEPLOYMENT_TARGET = 12.2;
				MTL_ENABLE_DEBUG_INFO = INCLUDE_SOURCE;
				MTL_FAST_MATH = YES;
				ONLY_ACTIVE_ARCH = YES;
				SDKROOT = iphoneos;
				SWIFT_ACTIVE_COMPILATION_CONDITIONS = DEBUG;
				SWIFT_OPTIMIZATION_LEVEL = "-Onone";
			};
			name = Debug;
		};
		19563F0622616ADB00AB0EE2 /* Release */ = {
			isa = XCBuildConfiguration;
			buildSettings = {
				ALWAYS_SEARCH_USER_PATHS = NO;
				CLANG_ANALYZER_NONNULL = YES;
				CLANG_ANALYZER_NUMBER_OBJECT_CONVERSION = YES_AGGRESSIVE;
				CLANG_CXX_LANGUAGE_STANDARD = "gnu++14";
				CLANG_CXX_LIBRARY = "libc++";
				CLANG_ENABLE_MODULES = YES;
				CLANG_ENABLE_OBJC_ARC = YES;
				CLANG_ENABLE_OBJC_WEAK = YES;
				CLANG_WARN_BLOCK_CAPTURE_AUTORELEASING = YES;
				CLANG_WARN_BOOL_CONVERSION = YES;
				CLANG_WARN_COMMA = YES;
				CLANG_WARN_CONSTANT_CONVERSION = YES;
				CLANG_WARN_DEPRECATED_OBJC_IMPLEMENTATIONS = YES;
				CLANG_WARN_DIRECT_OBJC_ISA_USAGE = YES_ERROR;
				CLANG_WARN_DOCUMENTATION_COMMENTS = YES;
				CLANG_WARN_EMPTY_BODY = YES;
				CLANG_WARN_ENUM_CONVERSION = YES;
				CLANG_WARN_INFINITE_RECURSION = YES;
				CLANG_WARN_INT_CONVERSION = YES;
				CLANG_WARN_NON_LITERAL_NULL_CONVERSION = YES;
				CLANG_WARN_OBJC_IMPLICIT_RETAIN_SELF = YES;
				CLANG_WARN_OBJC_LITERAL_CONVERSION = YES;
				CLANG_WARN_OBJC_ROOT_CLASS = YES_ERROR;
				CLANG_WARN_RANGE_LOOP_ANALYSIS = YES;
				CLANG_WARN_STRICT_PROTOTYPES = YES;
				CLANG_WARN_SUSPICIOUS_MOVE = YES;
				CLANG_WARN_UNGUARDED_AVAILABILITY = YES_AGGRESSIVE;
				CLANG_WARN_UNREACHABLE_CODE = YES;
				CLANG_WARN__DUPLICATE_METHOD_MATCH = YES;
				CODE_SIGN_IDENTITY = "iPhone Developer";
				COPY_PHASE_STRIP = NO;
				DEBUG_INFORMATION_FORMAT = "dwarf-with-dsym";
				ENABLE_NS_ASSERTIONS = NO;
				ENABLE_STRICT_OBJC_MSGSEND = YES;
				GCC_C_LANGUAGE_STANDARD = gnu11;
				GCC_NO_COMMON_BLOCKS = YES;
				GCC_WARN_64_TO_32_BIT_CONVERSION = YES;
				GCC_WARN_ABOUT_RETURN_TYPE = YES_ERROR;
				GCC_WARN_UNDECLARED_SELECTOR = YES;
				GCC_WARN_UNINITIALIZED_AUTOS = YES_AGGRESSIVE;
				GCC_WARN_UNUSED_FUNCTION = YES;
				GCC_WARN_UNUSED_VARIABLE = YES;
				IPHONEOS_DEPLOYMENT_TARGET = 12.2;
				MTL_ENABLE_DEBUG_INFO = NO;
				MTL_FAST_MATH = YES;
				SDKROOT = iphoneos;
				SWIFT_COMPILATION_MODE = wholemodule;
				SWIFT_OPTIMIZATION_LEVEL = "-O";
				VALIDATE_PRODUCT = YES;
			};
			name = Release;
		};
		19563F0822616ADB00AB0EE2 /* Debug */ = {
			isa = XCBuildConfiguration;
			buildSettings = {
				ASSETCATALOG_COMPILER_APPICON_NAME = AppIcon;
				CODE_SIGN_STYLE = Automatic;
				DEVELOPMENT_TEAM = APK86JV24A;
				INFOPLIST_FILE = CalculatorConversion/Info.plist;
				LD_RUNPATH_SEARCH_PATHS = (
					"$(inherited)",
					"@executable_path/Frameworks",
				);
				PRODUCT_BUNDLE_IDENTIFIER = me.CalculatorConversion;
				PRODUCT_NAME = "$(TARGET_NAME)";
				SWIFT_VERSION = 5.0;
				TARGETED_DEVICE_FAMILY = "1,2";
			};
			name = Debug;
		};
		19563F0922616ADB00AB0EE2 /* Release */ = {
			isa = XCBuildConfiguration;
			buildSettings = {
				ASSETCATALOG_COMPILER_APPICON_NAME = AppIcon;
				CODE_SIGN_STYLE = Automatic;
				DEVELOPMENT_TEAM = APK86JV24A;
				INFOPLIST_FILE = CalculatorConversion/Info.plist;
				LD_RUNPATH_SEARCH_PATHS = (
					"$(inherited)",
					"@executable_path/Frameworks",
				);
				PRODUCT_BUNDLE_IDENTIFIER = me.CalculatorConversion;
				PRODUCT_NAME = "$(TARGET_NAME)";
				SWIFT_VERSION = 5.0;
				TARGETED_DEVICE_FAMILY = "1,2";
			};
			name = Release;
		};
		19563F0B22616ADB00AB0EE2 /* Debug */ = {
			isa = XCBuildConfiguration;
			buildSettings = {
				ALWAYS_EMBED_SWIFT_STANDARD_LIBRARIES = YES;
				CODE_SIGN_STYLE = Automatic;
				DEVELOPMENT_TEAM = APK86JV24A;
				INFOPLIST_FILE = CalculatorConversionUITests/Info.plist;
				LD_RUNPATH_SEARCH_PATHS = (
					"$(inherited)",
					"@executable_path/Frameworks",
					"@loader_path/Frameworks",
				);
				PRODUCT_BUNDLE_IDENTIFIER = me.CalculatorConversionUITests;
				PRODUCT_NAME = "$(TARGET_NAME)";
				SWIFT_VERSION = 5.0;
				TARGETED_DEVICE_FAMILY = "1,2";
				TEST_TARGET_NAME = CalculatorConversion;
			};
			name = Debug;
		};
		19563F0C22616ADB00AB0EE2 /* Release */ = {
			isa = XCBuildConfiguration;
			buildSettings = {
				ALWAYS_EMBED_SWIFT_STANDARD_LIBRARIES = YES;
				CODE_SIGN_STYLE = Automatic;
				DEVELOPMENT_TEAM = APK86JV24A;
				INFOPLIST_FILE = CalculatorConversionUITests/Info.plist;
				LD_RUNPATH_SEARCH_PATHS = (
					"$(inherited)",
					"@executable_path/Frameworks",
					"@loader_path/Frameworks",
				);
				PRODUCT_BUNDLE_IDENTIFIER = me.CalculatorConversionUITests;
				PRODUCT_NAME = "$(TARGET_NAME)";
				SWIFT_VERSION = 5.0;
				TARGETED_DEVICE_FAMILY = "1,2";
				TEST_TARGET_NAME = CalculatorConversion;
			};
			name = Release;
		};
/* End XCBuildConfiguration section */

/* Begin XCConfigurationList section */
		19563EE222616ADA00AB0EE2 /* Build configuration list for PBXProject "CalculatorConversion" */ = {
			isa = XCConfigurationList;
			buildConfigurations = (
				19563F0522616ADB00AB0EE2 /* Debug */,
				19563F0622616ADB00AB0EE2 /* Release */,
			);
			defaultConfigurationIsVisible = 0;
			defaultConfigurationName = Release;
		};
		19563F0722616ADB00AB0EE2 /* Build configuration list for PBXNativeTarget "CalculatorConversion" */ = {
			isa = XCConfigurationList;
			buildConfigurations = (
				19563F0822616ADB00AB0EE2 /* Debug */,
				19563F0922616ADB00AB0EE2 /* Release */,
			);
			defaultConfigurationIsVisible = 0;
			defaultConfigurationName = Release;
		};
		19563F0A22616ADB00AB0EE2 /* Build configuration list for PBXNativeTarget "CalculatorConversionUITests" */ = {
			isa = XCConfigurationList;
			buildConfigurations = (
				19563F0B22616ADB00AB0EE2 /* Debug */,
				19563F0C22616ADB00AB0EE2 /* Release */,
			);
			defaultConfigurationIsVisible = 0;
			defaultConfigurationName = Release;
		};
/* End XCConfigurationList section */

/* Begin XCVersionGroup section */
		19563EF122616ADA00AB0EE2 /* CalculatorConversion.xcdatamodeld */ = {
			isa = XCVersionGroup;
			children = (
				19563EF222616ADA00AB0EE2 /* CalculatorConversion.xcdatamodel */,
			);
			currentVersion = 19563EF222616ADA00AB0EE2 /* CalculatorConversion.xcdatamodel */;
			path = CalculatorConversion.xcdatamodeld;
			sourceTree = "<group>";
			versionGroupType = wrapper.xcdatamodel;
		};
/* End XCVersionGroup section */
	};
	rootObject = 19563EDF22616ADA00AB0EE2 /* Project object */;
}
